
Microsoft Visual Studio Solution File, Format Version 12.00
# Visual Studio Version 17
VisualStudioVersion = 17.0.32126.317
MinimumVisualStudioVersion = 10.0.40219.1
Project("{FAE04EC0-301F-11D3-BF4B-00C04F79EFBC}") = "FakeDataGenerater", "FakeDataGenerater\FakeDataGenerater.csproj", "{71065ED8-080B-454E-9692-6DA84E91D4CC}"
EndProject
Global
	GlobalSection(SolutionConfigurationPlatforms) = preSolution
		Debug|Any CPU = Debug|Any CPU
		Release|Any CPU = Release|Any CPU
	EndGlobalSection
	GlobalSection(ProjectConfigurationPlatforms) = postSolution
		{71065ED8-080B-454E-9692-6DA84E91D4CC}.Debug|Any CPU.ActiveCfg = Debug|Any CPU
		{71065ED8-080B-454E-9692-6DA84E91D4CC}.Debug|Any CPU.Build.0 = Debug|Any CPU
		{71065ED8-080B-454E-9692-6DA84E91D4CC}.Release|Any CPU.ActiveCfg = Release|Any CPU
		{71065ED8-080B-454E-9692-6DA84E91D4CC}.Release|Any CPU.Build.0 = Release|Any CPU
	EndGlobalSection
	GlobalSection(SolutionProperties) = preSolution
		HideSolutionNode = FALSE
	EndGlobalSection
	GlobalSection(ExtensibilityGlobals) = postSolution
		SolutionGuid = {6D71DC09-9514-4D91-9D20-B3E1111F5E69}
	EndGlobalSection
EndGlobal
